// !$*UTF8*$!
{
	archiveVersion = 1;
	classes = {
	};
	objectVersion = 46;
	objects = {

/* Begin PBXBuildFile section */
		07DABED11E1025BA00E35172 /* main.swift in Sources */ = {isa = PBXBuildFile; fileRef = 07DABED01E1025BA00E35172 /* main.swift */; };
		07DABED81E102D4500E35172 /* TravisCI.swift in Sources */ = {isa = PBXBuildFile; fileRef = 07DABED71E102D4500E35172 /* TravisCI.swift */; };
		07DABEDA1E102D5200E35172 /* HoundCI.swift in Sources */ = {isa = PBXBuildFile; fileRef = 07DABED91E102D5200E35172 /* HoundCI.swift */; };
		07DABEDC1E102D5900E35172 /* Cartfile.swift in Sources */ = {isa = PBXBuildFile; fileRef = 07DABEDB1E102D5900E35172 /* Cartfile.swift */; };
		07DABEDE1E102D6500E35172 /* GitIgnore.swift in Sources */ = {isa = PBXBuildFile; fileRef = 07DABEDD1E102D6500E35172 /* GitIgnore.swift */; };
		07DABEE01E102D7400E35172 /* SwiftLint.swift in Sources */ = {isa = PBXBuildFile; fileRef = 07DABEDF1E102D7300E35172 /* SwiftLint.swift */; };
		07DABEE21E102D9A00E35172 /* StringExtensions.swift in Sources */ = {isa = PBXBuildFile; fileRef = 07DABEE11E102D9A00E35172 /* StringExtensions.swift */; };
		07DABEE41E10425100E35172 /* Error.swift in Sources */ = {isa = PBXBuildFile; fileRef = 07DABEE31E10425100E35172 /* Error.swift */; };
		07DABEE61E10429F00E35172 /* FileUtilities.swift in Sources */ = {isa = PBXBuildFile; fileRef = 07DABEE51E10429F00E35172 /* FileUtilities.swift */; };
		07DABEE81E10475600E35172 /* README.swift in Sources */ = {isa = PBXBuildFile; fileRef = 07DABEE71E10475600E35172 /* README.swift */; };
		07DABEEA1E104E6000E35172 /* Configuration.swift in Sources */ = {isa = PBXBuildFile; fileRef = 07DABEE91E104E6000E35172 /* Configuration.swift */; };
/* End PBXBuildFile section */

/* Begin PBXCopyFilesBuildPhase section */
		07DABECB1E1025BA00E35172 /* CopyFiles */ = {
			isa = PBXCopyFilesBuildPhase;
			buildActionMask = 2147483647;
			dstPath = /usr/share/man/man1/;
			dstSubfolderSpec = 0;
			files = (
			);
			runOnlyForDeploymentPostprocessing = 1;
		};
/* End PBXCopyFilesBuildPhase section */

/* Begin PBXFileReference section */
		07DABECD1E1025BA00E35172 /* Helper */ = {isa = PBXFileReference; explicitFileType = "compiled.mach-o.executable"; includeInIndex = 0; path = Helper; sourceTree = BUILT_PRODUCTS_DIR; };
		07DABED01E1025BA00E35172 /* main.swift */ = {isa = PBXFileReference; lastKnownFileType = sourcecode.swift; path = main.swift; sourceTree = "<group>"; };
		07DABED71E102D4500E35172 /* TravisCI.swift */ = {isa = PBXFileReference; fileEncoding = 4; lastKnownFileType = sourcecode.swift; path = TravisCI.swift; sourceTree = "<group>"; };
		07DABED91E102D5200E35172 /* HoundCI.swift */ = {isa = PBXFileReference; fileEncoding = 4; lastKnownFileType = sourcecode.swift; path = HoundCI.swift; sourceTree = "<group>"; };
		07DABEDB1E102D5900E35172 /* Cartfile.swift */ = {isa = PBXFileReference; fileEncoding = 4; lastKnownFileType = sourcecode.swift; path = Cartfile.swift; sourceTree = "<group>"; };
		07DABEDD1E102D6500E35172 /* GitIgnore.swift */ = {isa = PBXFileReference; fileEncoding = 4; lastKnownFileType = sourcecode.swift; path = GitIgnore.swift; sourceTree = "<group>"; };
		07DABEDF1E102D7300E35172 /* SwiftLint.swift */ = {isa = PBXFileReference; fileEncoding = 4; lastKnownFileType = sourcecode.swift; path = SwiftLint.swift; sourceTree = "<group>"; };
		07DABEE11E102D9A00E35172 /* StringExtensions.swift */ = {isa = PBXFileReference; fileEncoding = 4; lastKnownFileType = sourcecode.swift; path = StringExtensions.swift; sourceTree = "<group>"; };
		07DABEE31E10425100E35172 /* Error.swift */ = {isa = PBXFileReference; fileEncoding = 4; lastKnownFileType = sourcecode.swift; path = Error.swift; sourceTree = "<group>"; };
		07DABEE51E10429F00E35172 /* FileUtilities.swift */ = {isa = PBXFileReference; fileEncoding = 4; lastKnownFileType = sourcecode.swift; path = FileUtilities.swift; sourceTree = "<group>"; };
		07DABEE71E10475600E35172 /* README.swift */ = {isa = PBXFileReference; fileEncoding = 4; lastKnownFileType = sourcecode.swift; path = README.swift; sourceTree = "<group>"; };
		07DABEE91E104E6000E35172 /* Configuration.swift */ = {isa = PBXFileReference; fileEncoding = 4; lastKnownFileType = sourcecode.swift; path = Configuration.swift; sourceTree = "<group>"; };
/* End PBXFileReference section */

/* Begin PBXFrameworksBuildPhase section */
		07DABECA1E1025BA00E35172 /* Frameworks */ = {
			isa = PBXFrameworksBuildPhase;
			buildActionMask = 2147483647;
			files = (
			);
			runOnlyForDeploymentPostprocessing = 0;
		};
/* End PBXFrameworksBuildPhase section */

/* Begin PBXGroup section */
		07DABEC41E1025BA00E35172 = {
			isa = PBXGroup;
			children = (
				07DABECF1E1025BA00E35172 /* Helper */,
				07DABECE1E1025BA00E35172 /* Products */,
			);
			sourceTree = "<group>";
		};
		07DABECE1E1025BA00E35172 /* Products */ = {
			isa = PBXGroup;
			children = (
				07DABECD1E1025BA00E35172 /* Helper */,
			);
			name = Products;
			sourceTree = "<group>";
		};
		07DABECF1E1025BA00E35172 /* Helper */ = {
			isa = PBXGroup;
			children = (
				07DABED01E1025BA00E35172 /* main.swift */,
				07DABEE91E104E6000E35172 /* Configuration.swift */,
				07DABEDD1E102D6500E35172 /* GitIgnore.swift */,
				07DABED71E102D4500E35172 /* TravisCI.swift */,
				07DABEDF1E102D7300E35172 /* SwiftLint.swift */,
				07DABED91E102D5200E35172 /* HoundCI.swift */,
				07DABEDB1E102D5900E35172 /* Cartfile.swift */,
				07DABEE71E10475600E35172 /* README.swift */,
				07DABEE11E102D9A00E35172 /* StringExtensions.swift */,
				07DABEE51E10429F00E35172 /* FileUtilities.swift */,
				07DABEE31E10425100E35172 /* Error.swift */,
			);
			path = Helper;
			sourceTree = "<group>";
		};
/* End PBXGroup section */

/* Begin PBXNativeTarget section */
		07DABECC1E1025BA00E35172 /* Helper */ = {
			isa = PBXNativeTarget;
			buildConfigurationList = 07DABED41E1025BA00E35172 /* Build configuration list for PBXNativeTarget "Helper" */;
			buildPhases = (
				07DABEC91E1025BA00E35172 /* Sources */,
				07DABECA1E1025BA00E35172 /* Frameworks */,
				07DABECB1E1025BA00E35172 /* CopyFiles */,
			);
			buildRules = (
			);
			dependencies = (
			);
			name = Helper;
			productName = Helper;
			productReference = 07DABECD1E1025BA00E35172 /* Helper */;
			productType = "com.apple.product-type.tool";
		};
/* End PBXNativeTarget section */

/* Begin PBXProject section */
		07DABEC51E1025BA00E35172 /* Project object */ = {
			isa = PBXProject;
			attributes = {
				LastSwiftUpdateCheck = 0800;
				LastUpgradeCheck = 0810;
				ORGANIZATIONNAME = "James Bean";
				TargetAttributes = {
					07DABECC1E1025BA00E35172 = {
						CreatedOnToolsVersion = 8.0;
						DevelopmentTeam = F8LCL8SXLX;
						ProvisioningStyle = Automatic;
					};
				};
			};
			buildConfigurationList = 07DABEC81E1025BA00E35172 /* Build configuration list for PBXProject "Helper" */;
			compatibilityVersion = "Xcode 3.2";
			developmentRegion = English;
			hasScannedForEncodings = 0;
			knownRegions = (
				en,
			);
			mainGroup = 07DABEC41E1025BA00E35172;
			productRefGroup = 07DABECE1E1025BA00E35172 /* Products */;
			projectDirPath = "";
			projectRoot = "";
			targets = (
				07DABECC1E1025BA00E35172 /* Helper */,
			);
		};
/* End PBXProject section */

/* Begin PBXSourcesBuildPhase section */
		07DABEC91E1025BA00E35172 /* Sources */ = {
			isa = PBXSourcesBuildPhase;
			buildActionMask = 2147483647;
			files = (
				07DABEE41E10425100E35172 /* Error.swift in Sources */,
				07DABEE01E102D7400E35172 /* SwiftLint.swift in Sources */,
				07DABEE61E10429F00E35172 /* FileUtilities.swift in Sources */,
				07DABED81E102D4500E35172 /* TravisCI.swift in Sources */,
				07DABEDA1E102D5200E35172 /* HoundCI.swift in Sources */,
				07DABEE21E102D9A00E35172 /* StringExtensions.swift in Sources */,
				07DABED11E1025BA00E35172 /* main.swift in Sources */,
				07DABEDC1E102D5900E35172 /* Cartfile.swift in Sources */,
				07DABEDE1E102D6500E35172 /* GitIgnore.swift in Sources */,
				07DABEE81E10475600E35172 /* README.swift in Sources */,
				07DABEEA1E104E6000E35172 /* Configuration.swift in Sources */,
			);
			runOnlyForDeploymentPostprocessing = 0;
		};
/* End PBXSourcesBuildPhase section */

/* Begin XCBuildConfiguration section */
		07DABED21E1025BA00E35172 /* Debug */ = {
			isa = XCBuildConfiguration;
			buildSettings = {
				ALWAYS_SEARCH_USER_PATHS = NO;
				CLANG_ANALYZER_NONNULL = YES;
				CLANG_CXX_LANGUAGE_STANDARD = "gnu++0x";
				CLANG_CXX_LIBRARY = "libc++";
				CLANG_ENABLE_MODULES = YES;
				CLANG_ENABLE_OBJC_ARC = YES;
				CLANG_WARN_BOOL_CONVERSION = YES;
				CLANG_WARN_CONSTANT_CONVERSION = YES;
				CLANG_WARN_DIRECT_OBJC_ISA_USAGE = YES_ERROR;
				CLANG_WARN_DOCUMENTATION_COMMENTS = YES;
				CLANG_WARN_EMPTY_BODY = YES;
				CLANG_WARN_ENUM_CONVERSION = YES;
				CLANG_WARN_INFINITE_RECURSION = YES;
				CLANG_WARN_INT_CONVERSION = YES;
				CLANG_WARN_OBJC_ROOT_CLASS = YES_ERROR;
				CLANG_WARN_SUSPICIOUS_MOVE = YES;
				CLANG_WARN_SUSPICIOUS_MOVES = YES;
				CLANG_WARN_UNREACHABLE_CODE = YES;
				CLANG_WARN__DUPLICATE_METHOD_MATCH = YES;
				CODE_SIGN_IDENTITY = "-";
				COPY_PHASE_STRIP = NO;
				DEBUG_INFORMATION_FORMAT = dwarf;
				ENABLE_STRICT_OBJC_MSGSEND = YES;
				ENABLE_TESTABILITY = YES;
				GCC_C_LANGUAGE_STANDARD = gnu99;
				GCC_DYNAMIC_NO_PIC = NO;
				GCC_NO_COMMON_BLOCKS = YES;
				GCC_OPTIMIZATION_LEVEL = 0;
				GCC_PREPROCESSOR_DEFINITIONS = (
					"DEBUG=1",
					"$(inherited)",
				);
				GCC_WARN_64_TO_32_BIT_CONVERSION = YES;
				GCC_WARN_ABOUT_RETURN_TYPE = YES_ERROR;
				GCC_WARN_UNDECLARED_SELECTOR = YES;
				GCC_WARN_UNINITIALIZED_AUTOS = YES_AGGRESSIVE;
				GCC_WARN_UNUSED_FUNCTION = YES;
				GCC_WARN_UNUSED_VARIABLE = YES;
				MACOSX_DEPLOYMENT_TARGET = 10.11;
				MTL_ENABLE_DEBUG_INFO = YES;
				ONLY_ACTIVE_ARCH = YES;
				SDKROOT = macosx;
				SWIFT_OPTIMIZATION_LEVEL = "-Onone";
			};
			name = Debug;
		};
		07DABED31E1025BA00E35172 /* Release */ = {
			isa = XCBuildConfiguration;
			buildSettings = {
				ALWAYS_SEARCH_USER_PATHS = NO;
				CLANG_ANALYZER_NONNULL = YES;
				CLANG_CXX_LANGUAGE_STANDARD = "gnu++0x";
				CLANG_CXX_LIBRARY = "libc++";
				CLANG_ENABLE_MODULES = YES;
				CLANG_ENABLE_OBJC_ARC = YES;
				CLANG_WARN_BOOL_CONVERSION = YES;
				CLANG_WARN_CONSTANT_CONVERSION = YES;
				CLANG_WARN_DIRECT_OBJC_ISA_USAGE = YES_ERROR;
				CLANG_WARN_DOCUMENTATION_COMMENTS = YES;
				CLANG_WARN_EMPTY_BODY = YES;
				CLANG_WARN_ENUM_CONVERSION = YES;
				CLANG_WARN_INFINITE_RECURSION = YES;
				CLANG_WARN_INT_CONVERSION = YES;
				CLANG_WARN_OBJC_ROOT_CLASS = YES_ERROR;
				CLANG_WARN_SUSPICIOUS_MOVE = YES;
				CLANG_WARN_SUSPICIOUS_MOVES = YES;
				CLANG_WARN_UNREACHABLE_CODE = YES;
				CLANG_WARN__DUPLICATE_METHOD_MATCH = YES;
				CODE_SIGN_IDENTITY = "-";
				COPY_PHASE_STRIP = NO;
				DEBUG_INFORMATION_FORMAT = "dwarf-with-dsym";
				ENABLE_NS_ASSERTIONS = NO;
				ENABLE_STRICT_OBJC_MSGSEND = YES;
				GCC_C_LANGUAGE_STANDARD = gnu99;
				GCC_NO_COMMON_BLOCKS = YES;
				GCC_WARN_64_TO_32_BIT_CONVERSION = YES;
				GCC_WARN_ABOUT_RETURN_TYPE = YES_ERROR;
				GCC_WARN_UNDECLARED_SELECTOR = YES;
				GCC_WARN_UNINITIALIZED_AUTOS = YES_AGGRESSIVE;
				GCC_WARN_UNUSED_FUNCTION = YES;
				GCC_WARN_UNUSED_VARIABLE = YES;
				MACOSX_DEPLOYMENT_TARGET = 10.11;
				MTL_ENABLE_DEBUG_INFO = NO;
				SDKROOT = macosx;
				SWIFT_OPTIMIZATION_LEVEL = "-Owholemodule";
			};
			name = Release;
		};
		07DABED51E1025BA00E35172 /* Debug */ = {
			isa = XCBuildConfiguration;
			buildSettings = {
				DEVELOPMENT_TEAM = F8LCL8SXLX;
				MACOSX_DEPLOYMENT_TARGET = 10.9;
				PRODUCT_NAME = "$(TARGET_NAME)";
				SWIFT_VERSION = 3.0;
			};
			name = Debug;
		};
		07DABED61E1025BA00E35172 /* Release */ = {
			isa = XCBuildConfiguration;
			buildSettings = {
				DEVELOPMENT_TEAM = F8LCL8SXLX;
				MACOSX_DEPLOYMENT_TARGET = 10.9;
				PRODUCT_NAME = "$(TARGET_NAME)";
				SWIFT_VERSION = 3.0;
			};
			name = Release;
		};
/* End XCBuildConfiguration section */

/* Begin XCConfigurationList section */
		07DABEC81E1025BA00E35172 /* Build configuration list for PBXProject "Helper" */ = {
			isa = XCConfigurationList;
			buildConfigurations = (
				07DABED21E1025BA00E35172 /* Debug */,
				07DABED31E1025BA00E35172 /* Release */,
			);
			defaultConfigurationIsVisible = 0;
			defaultConfigurationName = Release;
		};
		07DABED41E1025BA00E35172 /* Build configuration list for PBXNativeTarget "Helper" */ = {
			isa = XCConfigurationList;
			buildConfigurations = (
				07DABED51E1025BA00E35172 /* Debug */,
				07DABED61E1025BA00E35172 /* Release */,
			);
			defaultConfigurationIsVisible = 0;
			defaultConfigurationName = Release;
		};
/* End XCConfigurationList section */
	};
	rootObject = 07DABEC51E1025BA00E35172 /* Project object */;
}
